
Microsoft Visual Studio Solution File, Format Version 12.00
# Visual Studio Version 16
VisualStudioVersion = 16.0.29021.104
MinimumVisualStudioVersion = 15.0.26124.0
Project("{2150E333-8FDC-42A3-9474-1A3956D46DE8}") = "Solution Items", "Solution Items", "{2E6FCEB6-BE72-4DF6-85A6-F9B2715C277D}"
	ProjectSection(SolutionItems) = preProject
		.gitignore = .gitignore
		global.json = global.json
	EndProjectSection
EndProject
Project("{2150E333-8FDC-42A3-9474-1A3956D46DE8}") = "src", "src", "{4A322DA0-433F-49F6-89FF-BB29518C04B9}"
EndProject
Project("{2150E333-8FDC-42A3-9474-1A3956D46DE8}") = "Services", "Services", "{CBF0B2DD-5C3F-42EF-8BA9-9D518A588C1E}"
EndProject
Project("{9A19103F-16F7-4668-BE54-9A1E7A4F7556}") = "Love2u.IdentityProvider", "src\Services\Identity\Love2u.IdentityProvider\Love2u.IdentityProvider.csproj", "{8E90C4A9-C5D4-404F-B1C8-C2C11AF992A7}"
EndProject
Project("{E53339B2-1760-4266-BCC7-CA923CBCF16C}") = "docker-compose", "docker-compose.dcproj", "{EA17D778-E90D-4E15-988C-16C08DDC0DDF}"
EndProject
Project("{2150E333-8FDC-42A3-9474-1A3956D46DE8}") = "web", "web", "{376D3BC2-34BC-432A-B15E-FCAC7DC9964C}"
EndProject
Project("{9A19103F-16F7-4668-BE54-9A1E7A4F7556}") = "Love2u.Angular", "src\web\Love2u.Angular\Love2u.Angular.csproj", "{013A6D06-57AA-4F02-8FFE-2C87A5FB5219}"
EndProject
Project("{2150E333-8FDC-42A3-9474-1A3956D46DE8}") = "Gateways", "Gateways", "{3A68941C-D44D-4087-8F97-EC7EC4255975}"
EndProject
Project("{9A19103F-16F7-4668-BE54-9A1E7A4F7556}") = "Love2u.APIGateway.Web", "src\Gateways\Love2u.APIGateway.Web\Love2u.APIGateway.Web.csproj", "{D4A063FA-96FC-4385-BA04-82C8EA9D8D24}"
EndProject
Project("{2150E333-8FDC-42A3-9474-1A3956D46DE8}") = "Identity", "Identity", "{FE702FFD-EA9C-4B93-95A3-AD242A3BE1BF}"
EndProject
Project("{2150E333-8FDC-42A3-9474-1A3956D46DE8}") = "Profile", "Profile", "{DBF5096D-6018-4643-AEB5-05475B60DFDF}"
EndProject
Project("{9A19103F-16F7-4668-BE54-9A1E7A4F7556}") = "Love2u.Profiles.API", "src\Services\Profile\Love2u.Profiles.API\Love2u.Profiles.API.csproj", "{4072B58D-0DB0-4445-8A1E-FC86D34E8D23}"
EndProject
Project("{2150E333-8FDC-42A3-9474-1A3956D46DE8}") = "elastic", "elastic", "{314CF70A-09BB-4CA3-ADBA-1797D6C5219D}"
	ProjectSection(SolutionItems) = preProject
		elastic\docker-compose.elastic.yml = elastic\docker-compose.elastic.yml
	EndProjectSection
EndProject
Project("{9A19103F-16F7-4668-BE54-9A1E7A4F7556}") = "Love2u.Profiles.Domain", "src\Services\Profile\Love2u.Profiles.Domain\Love2u.Profiles.Domain.csproj", "{DBFF44B5-7A87-4473-B698-920E7B8A2177}"
EndProject
Project("{9A19103F-16F7-4668-BE54-9A1E7A4F7556}") = "Love2u.Profiles.InfraStructure", "src\Services\Profile\Love2u.Profiles.InfraStructure\Love2u.Profiles.InfraStructure.csproj", "{F3366336-FC07-4F1F-ABDC-D273C0FFCC6E}"
EndProject
Project("{9A19103F-16F7-4668-BE54-9A1E7A4F7556}") = "Love2u.Profiles.Application", "src\Services\Profile\Love2u.Profiles.Application\Love2u.Profiles.Application.csproj", "{8B55B42C-3A44-4953-8C06-BBA469C88BA0}"
EndProject
Project("{2150E333-8FDC-42A3-9474-1A3956D46DE8}") = "infra", "infra", "{4F3C358C-5912-4EB0-85DB-0AFED0A27904}"
EndProject
Project("{2150E333-8FDC-42A3-9474-1A3956D46DE8}") = "rabbitmq", "rabbitmq", "{B1087F10-DE73-497C-8B05-DA10F9B08511}"
	ProjectSection(SolutionItems) = preProject
		definitions.json = definitions.json
		rabbitmq.conf = rabbitmq.conf
	EndProjectSection
EndProject
Global
	GlobalSection(SolutionConfigurationPlatforms) = preSolution
		Debug|Any CPU = Debug|Any CPU
		Debug|x64 = Debug|x64
		Debug|x86 = Debug|x86
		Release|Any CPU = Release|Any CPU
		Release|x64 = Release|x64
		Release|x86 = Release|x86
	EndGlobalSection
	GlobalSection(ProjectConfigurationPlatforms) = postSolution
		{8E90C4A9-C5D4-404F-B1C8-C2C11AF992A7}.Debug|Any CPU.ActiveCfg = Debug|Any CPU
		{8E90C4A9-C5D4-404F-B1C8-C2C11AF992A7}.Debug|Any CPU.Build.0 = Debug|Any CPU
		{8E90C4A9-C5D4-404F-B1C8-C2C11AF992A7}.Debug|x64.ActiveCfg = Debug|Any CPU
		{8E90C4A9-C5D4-404F-B1C8-C2C11AF992A7}.Debug|x64.Build.0 = Debug|Any CPU
		{8E90C4A9-C5D4-404F-B1C8-C2C11AF992A7}.Debug|x86.ActiveCfg = Debug|Any CPU
		{8E90C4A9-C5D4-404F-B1C8-C2C11AF992A7}.Debug|x86.Build.0 = Debug|Any CPU
		{8E90C4A9-C5D4-404F-B1C8-C2C11AF992A7}.Release|Any CPU.ActiveCfg = Release|Any CPU
		{8E90C4A9-C5D4-404F-B1C8-C2C11AF992A7}.Release|Any CPU.Build.0 = Release|Any CPU
		{8E90C4A9-C5D4-404F-B1C8-C2C11AF992A7}.Release|x64.ActiveCfg = Release|Any CPU
		{8E90C4A9-C5D4-404F-B1C8-C2C11AF992A7}.Release|x64.Build.0 = Release|Any CPU
		{8E90C4A9-C5D4-404F-B1C8-C2C11AF992A7}.Release|x86.ActiveCfg = Release|Any CPU
		{8E90C4A9-C5D4-404F-B1C8-C2C11AF992A7}.Release|x86.Build.0 = Release|Any CPU
		{EA17D778-E90D-4E15-988C-16C08DDC0DDF}.Debug|Any CPU.ActiveCfg = Debug|Any CPU
		{EA17D778-E90D-4E15-988C-16C08DDC0DDF}.Debug|Any CPU.Build.0 = Debug|Any CPU
		{EA17D778-E90D-4E15-988C-16C08DDC0DDF}.Debug|x64.ActiveCfg = Debug|Any CPU
		{EA17D778-E90D-4E15-988C-16C08DDC0DDF}.Debug|x64.Build.0 = Debug|Any CPU
		{EA17D778-E90D-4E15-988C-16C08DDC0DDF}.Debug|x86.ActiveCfg = Debug|Any CPU
		{EA17D778-E90D-4E15-988C-16C08DDC0DDF}.Debug|x86.Build.0 = Debug|Any CPU
		{EA17D778-E90D-4E15-988C-16C08DDC0DDF}.Release|Any CPU.ActiveCfg = Release|Any CPU
		{EA17D778-E90D-4E15-988C-16C08DDC0DDF}.Release|Any CPU.Build.0 = Release|Any CPU
		{EA17D778-E90D-4E15-988C-16C08DDC0DDF}.Release|x64.ActiveCfg = Release|Any CPU
		{EA17D778-E90D-4E15-988C-16C08DDC0DDF}.Release|x64.Build.0 = Release|Any CPU
		{EA17D778-E90D-4E15-988C-16C08DDC0DDF}.Release|x86.ActiveCfg = Release|Any CPU
		{EA17D778-E90D-4E15-988C-16C08DDC0DDF}.Release|x86.Build.0 = Release|Any CPU
		{013A6D06-57AA-4F02-8FFE-2C87A5FB5219}.Debug|Any CPU.ActiveCfg = Debug|Any CPU
		{013A6D06-57AA-4F02-8FFE-2C87A5FB5219}.Debug|Any CPU.Build.0 = Debug|Any CPU
		{013A6D06-57AA-4F02-8FFE-2C87A5FB5219}.Debug|x64.ActiveCfg = Debug|Any CPU
		{013A6D06-57AA-4F02-8FFE-2C87A5FB5219}.Debug|x64.Build.0 = Debug|Any CPU
		{013A6D06-57AA-4F02-8FFE-2C87A5FB5219}.Debug|x86.ActiveCfg = Debug|Any CPU
		{013A6D06-57AA-4F02-8FFE-2C87A5FB5219}.Debug|x86.Build.0 = Debug|Any CPU
		{013A6D06-57AA-4F02-8FFE-2C87A5FB5219}.Release|Any CPU.ActiveCfg = Release|Any CPU
		{013A6D06-57AA-4F02-8FFE-2C87A5FB5219}.Release|Any CPU.Build.0 = Release|Any CPU
		{013A6D06-57AA-4F02-8FFE-2C87A5FB5219}.Release|x64.ActiveCfg = Release|Any CPU
		{013A6D06-57AA-4F02-8FFE-2C87A5FB5219}.Release|x64.Build.0 = Release|Any CPU
		{013A6D06-57AA-4F02-8FFE-2C87A5FB5219}.Release|x86.ActiveCfg = Release|Any CPU
		{013A6D06-57AA-4F02-8FFE-2C87A5FB5219}.Release|x86.Build.0 = Release|Any CPU
		{D4A063FA-96FC-4385-BA04-82C8EA9D8D24}.Debug|Any CPU.ActiveCfg = Debug|Any CPU
		{D4A063FA-96FC-4385-BA04-82C8EA9D8D24}.Debug|Any CPU.Build.0 = Debug|Any CPU
		{D4A063FA-96FC-4385-BA04-82C8EA9D8D24}.Debug|x64.ActiveCfg = Debug|Any CPU
		{D4A063FA-96FC-4385-BA04-82C8EA9D8D24}.Debug|x64.Build.0 = Debug|Any CPU
		{D4A063FA-96FC-4385-BA04-82C8EA9D8D24}.Debug|x86.ActiveCfg = Debug|Any CPU
		{D4A063FA-96FC-4385-BA04-82C8EA9D8D24}.Debug|x86.Build.0 = Debug|Any CPU
		{D4A063FA-96FC-4385-BA04-82C8EA9D8D24}.Release|Any CPU.ActiveCfg = Release|Any CPU
		{D4A063FA-96FC-4385-BA04-82C8EA9D8D24}.Release|Any CPU.Build.0 = Release|Any CPU
		{D4A063FA-96FC-4385-BA04-82C8EA9D8D24}.Release|x64.ActiveCfg = Release|Any CPU
		{D4A063FA-96FC-4385-BA04-82C8EA9D8D24}.Release|x64.Build.0 = Release|Any CPU
		{D4A063FA-96FC-4385-BA04-82C8EA9D8D24}.Release|x86.ActiveCfg = Release|Any CPU
		{D4A063FA-96FC-4385-BA04-82C8EA9D8D24}.Release|x86.Build.0 = Release|Any CPU
		{4072B58D-0DB0-4445-8A1E-FC86D34E8D23}.Debug|Any CPU.ActiveCfg = Debug|Any CPU
		{4072B58D-0DB0-4445-8A1E-FC86D34E8D23}.Debug|Any CPU.Build.0 = Debug|Any CPU
		{4072B58D-0DB0-4445-8A1E-FC86D34E8D23}.Debug|x64.ActiveCfg = Debug|Any CPU
		{4072B58D-0DB0-4445-8A1E-FC86D34E8D23}.Debug|x64.Build.0 = Debug|Any CPU
		{4072B58D-0DB0-4445-8A1E-FC86D34E8D23}.Debug|x86.ActiveCfg = Debug|Any CPU
		{4072B58D-0DB0-4445-8A1E-FC86D34E8D23}.Debug|x86.Build.0 = Debug|Any CPU
		{4072B58D-0DB0-4445-8A1E-FC86D34E8D23}.Release|Any CPU.ActiveCfg = Release|Any CPU
		{4072B58D-0DB0-4445-8A1E-FC86D34E8D23}.Release|Any CPU.Build.0 = Release|Any CPU
		{4072B58D-0DB0-4445-8A1E-FC86D34E8D23}.Release|x64.ActiveCfg = Release|Any CPU
		{4072B58D-0DB0-4445-8A1E-FC86D34E8D23}.Release|x64.Build.0 = Release|Any CPU
		{4072B58D-0DB0-4445-8A1E-FC86D34E8D23}.Release|x86.ActiveCfg = Release|Any CPU
		{4072B58D-0DB0-4445-8A1E-FC86D34E8D23}.Release|x86.Build.0 = Release|Any CPU
		{DBFF44B5-7A87-4473-B698-920E7B8A2177}.Debug|Any CPU.ActiveCfg = Debug|Any CPU
		{DBFF44B5-7A87-4473-B698-920E7B8A2177}.Debug|Any CPU.Build.0 = Debug|Any CPU
		{DBFF44B5-7A87-4473-B698-920E7B8A2177}.Debug|x64.ActiveCfg = Debug|Any CPU
		{DBFF44B5-7A87-4473-B698-920E7B8A2177}.Debug|x64.Build.0 = Debug|Any CPU
		{DBFF44B5-7A87-4473-B698-920E7B8A2177}.Debug|x86.ActiveCfg = Debug|Any CPU
		{DBFF44B5-7A87-4473-B698-920E7B8A2177}.Debug|x86.Build.0 = Debug|Any CPU
		{DBFF44B5-7A87-4473-B698-920E7B8A2177}.Release|Any CPU.ActiveCfg = Release|Any CPU
		{DBFF44B5-7A87-4473-B698-920E7B8A2177}.Release|Any CPU.Build.0 = Release|Any CPU
		{DBFF44B5-7A87-4473-B698-920E7B8A2177}.Release|x64.ActiveCfg = Release|Any CPU
		{DBFF44B5-7A87-4473-B698-920E7B8A2177}.Release|x64.Build.0 = Release|Any CPU
		{DBFF44B5-7A87-4473-B698-920E7B8A2177}.Release|x86.ActiveCfg = Release|Any CPU
		{DBFF44B5-7A87-4473-B698-920E7B8A2177}.Release|x86.Build.0 = Release|Any CPU
		{F3366336-FC07-4F1F-ABDC-D273C0FFCC6E}.Debug|Any CPU.ActiveCfg = Debug|Any CPU
		{F3366336-FC07-4F1F-ABDC-D273C0FFCC6E}.Debug|Any CPU.Build.0 = Debug|Any CPU
		{F3366336-FC07-4F1F-ABDC-D273C0FFCC6E}.Debug|x64.ActiveCfg = Debug|Any CPU
		{F3366336-FC07-4F1F-ABDC-D273C0FFCC6E}.Debug|x64.Build.0 = Debug|Any CPU
		{F3366336-FC07-4F1F-ABDC-D273C0FFCC6E}.Debug|x86.ActiveCfg = Debug|Any CPU
		{F3366336-FC07-4F1F-ABDC-D273C0FFCC6E}.Debug|x86.Build.0 = Debug|Any CPU
		{F3366336-FC07-4F1F-ABDC-D273C0FFCC6E}.Release|Any CPU.ActiveCfg = Release|Any CPU
		{F3366336-FC07-4F1F-ABDC-D273C0FFCC6E}.Release|Any CPU.Build.0 = Release|Any CPU
		{F3366336-FC07-4F1F-ABDC-D273C0FFCC6E}.Release|x64.ActiveCfg = Release|Any CPU
		{F3366336-FC07-4F1F-ABDC-D273C0FFCC6E}.Release|x64.Build.0 = Release|Any CPU
		{F3366336-FC07-4F1F-ABDC-D273C0FFCC6E}.Release|x86.ActiveCfg = Release|Any CPU
		{F3366336-FC07-4F1F-ABDC-D273C0FFCC6E}.Release|x86.Build.0 = Release|Any CPU
		{8B55B42C-3A44-4953-8C06-BBA469C88BA0}.Debug|Any CPU.ActiveCfg = Debug|Any CPU
		{8B55B42C-3A44-4953-8C06-BBA469C88BA0}.Debug|Any CPU.Build.0 = Debug|Any CPU
		{8B55B42C-3A44-4953-8C06-BBA469C88BA0}.Debug|x64.ActiveCfg = Debug|Any CPU
		{8B55B42C-3A44-4953-8C06-BBA469C88BA0}.Debug|x64.Build.0 = Debug|Any CPU
		{8B55B42C-3A44-4953-8C06-BBA469C88BA0}.Debug|x86.ActiveCfg = Debug|Any CPU
		{8B55B42C-3A44-4953-8C06-BBA469C88BA0}.Debug|x86.Build.0 = Debug|Any CPU
		{8B55B42C-3A44-4953-8C06-BBA469C88BA0}.Release|Any CPU.ActiveCfg = Release|Any CPU
		{8B55B42C-3A44-4953-8C06-BBA469C88BA0}.Release|Any CPU.Build.0 = Release|Any CPU
		{8B55B42C-3A44-4953-8C06-BBA469C88BA0}.Release|x64.ActiveCfg = Release|Any CPU
		{8B55B42C-3A44-4953-8C06-BBA469C88BA0}.Release|x64.Build.0 = Release|Any CPU
		{8B55B42C-3A44-4953-8C06-BBA469C88BA0}.Release|x86.ActiveCfg = Release|Any CPU
		{8B55B42C-3A44-4953-8C06-BBA469C88BA0}.Release|x86.Build.0 = Release|Any CPU
	EndGlobalSection
	GlobalSection(SolutionProperties) = preSolution
		HideSolutionNode = FALSE
	EndGlobalSection
	GlobalSection(NestedProjects) = preSolution
		{CBF0B2DD-5C3F-42EF-8BA9-9D518A588C1E} = {4A322DA0-433F-49F6-89FF-BB29518C04B9}
		{8E90C4A9-C5D4-404F-B1C8-C2C11AF992A7} = {FE702FFD-EA9C-4B93-95A3-AD242A3BE1BF}
		{376D3BC2-34BC-432A-B15E-FCAC7DC9964C} = {4A322DA0-433F-49F6-89FF-BB29518C04B9}
		{013A6D06-57AA-4F02-8FFE-2C87A5FB5219} = {376D3BC2-34BC-432A-B15E-FCAC7DC9964C}
		{3A68941C-D44D-4087-8F97-EC7EC4255975} = {4A322DA0-433F-49F6-89FF-BB29518C04B9}
		{D4A063FA-96FC-4385-BA04-82C8EA9D8D24} = {3A68941C-D44D-4087-8F97-EC7EC4255975}
		{FE702FFD-EA9C-4B93-95A3-AD242A3BE1BF} = {CBF0B2DD-5C3F-42EF-8BA9-9D518A588C1E}
		{DBF5096D-6018-4643-AEB5-05475B60DFDF} = {CBF0B2DD-5C3F-42EF-8BA9-9D518A588C1E}
		{4072B58D-0DB0-4445-8A1E-FC86D34E8D23} = {DBF5096D-6018-4643-AEB5-05475B60DFDF}
		{DBFF44B5-7A87-4473-B698-920E7B8A2177} = {DBF5096D-6018-4643-AEB5-05475B60DFDF}
		{F3366336-FC07-4F1F-ABDC-D273C0FFCC6E} = {DBF5096D-6018-4643-AEB5-05475B60DFDF}
		{8B55B42C-3A44-4953-8C06-BBA469C88BA0} = {DBF5096D-6018-4643-AEB5-05475B60DFDF}
		{B1087F10-DE73-497C-8B05-DA10F9B08511} = {4F3C358C-5912-4EB0-85DB-0AFED0A27904}
	EndGlobalSection
	GlobalSection(ExtensibilityGlobals) = postSolution
		SolutionGuid = {C2909369-5A02-457E-84F0-F4D532DD9E41}
	EndGlobalSection
EndGlobal
