
Microsoft Visual Studio Solution File, Format Version 12.00
# Visual Studio Version 16
VisualStudioVersion = 16.0.29021.104
MinimumVisualStudioVersion = 15.0.26124.0
Project("{2150E333-8FDC-42A3-9474-1A3956D46DE8}") = "Solution Items", "Solution Items", "{2E6FCEB6-BE72-4DF6-85A6-F9B2715C277D}"
	ProjectSection(SolutionItems) = preProject
		.gitignore = .gitignore
		global.json = global.json
	EndProjectSection
EndProject
Project("{2150E333-8FDC-42A3-9474-1A3956D46DE8}") = "src", "src", "{4A322DA0-433F-49F6-89FF-BB29518C04B9}"
EndProject
Project("{2150E333-8FDC-42A3-9474-1A3956D46DE8}") = "Services", "Services", "{CBF0B2DD-5C3F-42EF-8BA9-9D518A588C1E}"
EndProject
Project("{9A19103F-16F7-4668-BE54-9A1E7A4F7556}") = "Love2u.IdentityProvider", "src\Services\Love2u.IdentityProvider\Love2u.IdentityProvider.csproj", "{8E90C4A9-C5D4-404F-B1C8-C2C11AF992A7}"
EndProject
Project("{E53339B2-1760-4266-BCC7-CA923CBCF16C}") = "docker-compose", "docker-compose.dcproj", "{EA17D778-E90D-4E15-988C-16C08DDC0DDF}"
EndProject
Project("{2150E333-8FDC-42A3-9474-1A3956D46DE8}") = "web", "web", "{376D3BC2-34BC-432A-B15E-FCAC7DC9964C}"
EndProject
Project("{2150E333-8FDC-42A3-9474-1A3956D46DE8}") = "Consumers", "Consumers", "{F4644851-BC75-4274-A969-AD249D2B339E}"
EndProject
Project("{FAE04EC0-301F-11D3-BF4B-00C04F79EFBC}") = "Love2u.Dating.Web", "src\web\Consumers\Love2u.Dating.Web\Love2u.Dating.Web.csproj", "{4EEDB6B7-00E8-405E-AA8A-9046055F2E93}"
EndProject
Global
	GlobalSection(SolutionConfigurationPlatforms) = preSolution
		Debug|Any CPU = Debug|Any CPU
		Debug|x64 = Debug|x64
		Debug|x86 = Debug|x86
		Release|Any CPU = Release|Any CPU
		Release|x64 = Release|x64
		Release|x86 = Release|x86
	EndGlobalSection
	GlobalSection(ProjectConfigurationPlatforms) = postSolution
		{8E90C4A9-C5D4-404F-B1C8-C2C11AF992A7}.Debug|Any CPU.ActiveCfg = Debug|Any CPU
		{8E90C4A9-C5D4-404F-B1C8-C2C11AF992A7}.Debug|Any CPU.Build.0 = Debug|Any CPU
		{8E90C4A9-C5D4-404F-B1C8-C2C11AF992A7}.Debug|x64.ActiveCfg = Debug|Any CPU
		{8E90C4A9-C5D4-404F-B1C8-C2C11AF992A7}.Debug|x64.Build.0 = Debug|Any CPU
		{8E90C4A9-C5D4-404F-B1C8-C2C11AF992A7}.Debug|x86.ActiveCfg = Debug|Any CPU
		{8E90C4A9-C5D4-404F-B1C8-C2C11AF992A7}.Debug|x86.Build.0 = Debug|Any CPU
		{8E90C4A9-C5D4-404F-B1C8-C2C11AF992A7}.Release|Any CPU.ActiveCfg = Release|Any CPU
		{8E90C4A9-C5D4-404F-B1C8-C2C11AF992A7}.Release|Any CPU.Build.0 = Release|Any CPU
		{8E90C4A9-C5D4-404F-B1C8-C2C11AF992A7}.Release|x64.ActiveCfg = Release|Any CPU
		{8E90C4A9-C5D4-404F-B1C8-C2C11AF992A7}.Release|x64.Build.0 = Release|Any CPU
		{8E90C4A9-C5D4-404F-B1C8-C2C11AF992A7}.Release|x86.ActiveCfg = Release|Any CPU
		{8E90C4A9-C5D4-404F-B1C8-C2C11AF992A7}.Release|x86.Build.0 = Release|Any CPU
		{EA17D778-E90D-4E15-988C-16C08DDC0DDF}.Debug|Any CPU.ActiveCfg = Debug|Any CPU
		{EA17D778-E90D-4E15-988C-16C08DDC0DDF}.Debug|Any CPU.Build.0 = Debug|Any CPU
		{EA17D778-E90D-4E15-988C-16C08DDC0DDF}.Debug|x64.ActiveCfg = Debug|Any CPU
		{EA17D778-E90D-4E15-988C-16C08DDC0DDF}.Debug|x64.Build.0 = Debug|Any CPU
		{EA17D778-E90D-4E15-988C-16C08DDC0DDF}.Debug|x86.ActiveCfg = Debug|Any CPU
		{EA17D778-E90D-4E15-988C-16C08DDC0DDF}.Debug|x86.Build.0 = Debug|Any CPU
		{EA17D778-E90D-4E15-988C-16C08DDC0DDF}.Release|Any CPU.ActiveCfg = Release|Any CPU
		{EA17D778-E90D-4E15-988C-16C08DDC0DDF}.Release|Any CPU.Build.0 = Release|Any CPU
		{EA17D778-E90D-4E15-988C-16C08DDC0DDF}.Release|x64.ActiveCfg = Release|Any CPU
		{EA17D778-E90D-4E15-988C-16C08DDC0DDF}.Release|x64.Build.0 = Release|Any CPU
		{EA17D778-E90D-4E15-988C-16C08DDC0DDF}.Release|x86.ActiveCfg = Release|Any CPU
		{EA17D778-E90D-4E15-988C-16C08DDC0DDF}.Release|x86.Build.0 = Release|Any CPU
		{4EEDB6B7-00E8-405E-AA8A-9046055F2E93}.Debug|Any CPU.ActiveCfg = Debug|Any CPU
		{4EEDB6B7-00E8-405E-AA8A-9046055F2E93}.Debug|Any CPU.Build.0 = Debug|Any CPU
		{4EEDB6B7-00E8-405E-AA8A-9046055F2E93}.Debug|x64.ActiveCfg = Debug|Any CPU
		{4EEDB6B7-00E8-405E-AA8A-9046055F2E93}.Debug|x64.Build.0 = Debug|Any CPU
		{4EEDB6B7-00E8-405E-AA8A-9046055F2E93}.Debug|x86.ActiveCfg = Debug|Any CPU
		{4EEDB6B7-00E8-405E-AA8A-9046055F2E93}.Debug|x86.Build.0 = Debug|Any CPU
		{4EEDB6B7-00E8-405E-AA8A-9046055F2E93}.Release|Any CPU.ActiveCfg = Release|Any CPU
		{4EEDB6B7-00E8-405E-AA8A-9046055F2E93}.Release|Any CPU.Build.0 = Release|Any CPU
		{4EEDB6B7-00E8-405E-AA8A-9046055F2E93}.Release|x64.ActiveCfg = Release|Any CPU
		{4EEDB6B7-00E8-405E-AA8A-9046055F2E93}.Release|x64.Build.0 = Release|Any CPU
		{4EEDB6B7-00E8-405E-AA8A-9046055F2E93}.Release|x86.ActiveCfg = Release|Any CPU
		{4EEDB6B7-00E8-405E-AA8A-9046055F2E93}.Release|x86.Build.0 = Release|Any CPU
	EndGlobalSection
	GlobalSection(SolutionProperties) = preSolution
		HideSolutionNode = FALSE
	EndGlobalSection
	GlobalSection(NestedProjects) = preSolution
		{CBF0B2DD-5C3F-42EF-8BA9-9D518A588C1E} = {4A322DA0-433F-49F6-89FF-BB29518C04B9}
		{8E90C4A9-C5D4-404F-B1C8-C2C11AF992A7} = {CBF0B2DD-5C3F-42EF-8BA9-9D518A588C1E}
		{376D3BC2-34BC-432A-B15E-FCAC7DC9964C} = {4A322DA0-433F-49F6-89FF-BB29518C04B9}
		{F4644851-BC75-4274-A969-AD249D2B339E} = {376D3BC2-34BC-432A-B15E-FCAC7DC9964C}
		{4EEDB6B7-00E8-405E-AA8A-9046055F2E93} = {F4644851-BC75-4274-A969-AD249D2B339E}
	EndGlobalSection
	GlobalSection(ExtensibilityGlobals) = postSolution
		SolutionGuid = {C2909369-5A02-457E-84F0-F4D532DD9E41}
	EndGlobalSection
EndGlobal
